// !$*UTF8*$!
{
	archiveVersion = 1;
	classes = {
	};
	objectVersion = 46;
	objects = {

/* Begin PBXBuildFile section */
		9B4B2ACD1B7D707C0045D6F7 /* Cat.plist in Resources */ = {isa = PBXBuildFile; fileRef = 9B4B2ACC1B7D707C0045D6F7 /* Cat.plist */; };
		9B7403021B7C91C9008236FF /* AppDelegate.swift in Sources */ = {isa = PBXBuildFile; fileRef = 9B7403011B7C91C9008236FF /* AppDelegate.swift */; };
		9B7403041B7C91C9008236FF /* ViewController.swift in Sources */ = {isa = PBXBuildFile; fileRef = 9B7403031B7C91C9008236FF /* ViewController.swift */; };
		9B7403071B7C91C9008236FF /* Main.storyboard in Resources */ = {isa = PBXBuildFile; fileRef = 9B7403051B7C91C9008236FF /* Main.storyboard */; };
		9B7403091B7C91C9008236FF /* Images.xcassets in Resources */ = {isa = PBXBuildFile; fileRef = 9B7403081B7C91C9008236FF /* Images.xcassets */; };
		9B74030C1B7C91C9008236FF /* LaunchScreen.xib in Resources */ = {isa = PBXBuildFile; fileRef = 9B74030A1B7C91C9008236FF /* LaunchScreen.xib */; };
		9B7403181B7C91C9008236FF /* CustomFlowLayoutDemoTests.swift in Sources */ = {isa = PBXBuildFile; fileRef = 9B7403171B7C91C9008236FF /* CustomFlowLayoutDemoTests.swift */; };
		9B7403241B7C9F93008236FF /* CatCollectionViewCell.swift in Sources */ = {isa = PBXBuildFile; fileRef = 9B7403221B7C9F93008236FF /* CatCollectionViewCell.swift */; };
		9B7403251B7C9F93008236FF /* CatCollectionViewCell.xib in Resources */ = {isa = PBXBuildFile; fileRef = 9B7403231B7C9F93008236FF /* CatCollectionViewCell.xib */; };
		9B7403271B7CA2C9008236FF /* LineCollectionViewFlowLayout.swift in Sources */ = {isa = PBXBuildFile; fileRef = 9B7403261B7CA2C9008236FF /* LineCollectionViewFlowLayout.swift */; };
		9BFBF8301B7CC3A0007437A5 /* CatModel.swift in Sources */ = {isa = PBXBuildFile; fileRef = 9BFBF82F1B7CC3A0007437A5 /* CatModel.swift */; };
/* End PBXBuildFile section */

/* Begin PBXContainerItemProxy section */
		9B7403121B7C91C9008236FF /* PBXContainerItemProxy */ = {
			isa = PBXContainerItemProxy;
			containerPortal = 9B7402F41B7C91C9008236FF /* Project object */;
			proxyType = 1;
			remoteGlobalIDString = 9B7402FB1B7C91C9008236FF;
			remoteInfo = CustomFlowLayoutDemo;
		};
/* End PBXContainerItemProxy section */

/* Begin PBXFileReference section */
		9B4B2ACC1B7D707C0045D6F7 /* Cat.plist */ = {isa = PBXFileReference; fileEncoding = 4; lastKnownFileType = text.plist.xml; path = Cat.plist; sourceTree = "<group>"; };
		9B7402FC1B7C91C9008236FF /* CustomFlowLayoutDemo.app */ = {isa = PBXFileReference; explicitFileType = wrapper.application; includeInIndex = 0; path = CustomFlowLayoutDemo.app; sourceTree = BUILT_PRODUCTS_DIR; };
		9B7403001B7C91C9008236FF /* Info.plist */ = {isa = PBXFileReference; lastKnownFileType = text.plist.xml; path = Info.plist; sourceTree = "<group>"; };
		9B7403011B7C91C9008236FF /* AppDelegate.swift */ = {isa = PBXFileReference; lastKnownFileType = sourcecode.swift; path = AppDelegate.swift; sourceTree = "<group>"; };
		9B7403031B7C91C9008236FF /* ViewController.swift */ = {isa = PBXFileReference; lastKnownFileType = sourcecode.swift; path = ViewController.swift; sourceTree = "<group>"; };
		9B7403061B7C91C9008236FF /* Base */ = {isa = PBXFileReference; lastKnownFileType = file.storyboard; name = Base; path = Base.lproj/Main.storyboard; sourceTree = "<group>"; };
		9B7403081B7C91C9008236FF /* Images.xcassets */ = {isa = PBXFileReference; lastKnownFileType = folder.assetcatalog; path = Images.xcassets; sourceTree = "<group>"; };
		9B74030B1B7C91C9008236FF /* Base */ = {isa = PBXFileReference; lastKnownFileType = file.xib; name = Base; path = Base.lproj/LaunchScreen.xib; sourceTree = "<group>"; };
		9B7403111B7C91C9008236FF /* CustomFlowLayoutDemoTests.xctest */ = {isa = PBXFileReference; explicitFileType = wrapper.cfbundle; includeInIndex = 0; path = CustomFlowLayoutDemoTests.xctest; sourceTree = BUILT_PRODUCTS_DIR; };
		9B7403161B7C91C9008236FF /* Info.plist */ = {isa = PBXFileReference; lastKnownFileType = text.plist.xml; path = Info.plist; sourceTree = "<group>"; };
		9B7403171B7C91C9008236FF /* CustomFlowLayoutDemoTests.swift */ = {isa = PBXFileReference; lastKnownFileType = sourcecode.swift; path = CustomFlowLayoutDemoTests.swift; sourceTree = "<group>"; };
		9B7403221B7C9F93008236FF /* CatCollectionViewCell.swift */ = {isa = PBXFileReference; fileEncoding = 4; lastKnownFileType = sourcecode.swift; path = CatCollectionViewCell.swift; sourceTree = "<group>"; };
		9B7403231B7C9F93008236FF /* CatCollectionViewCell.xib */ = {isa = PBXFileReference; fileEncoding = 4; lastKnownFileType = file.xib; path = CatCollectionViewCell.xib; sourceTree = "<group>"; };
		9B7403261B7CA2C9008236FF /* LineCollectionViewFlowLayout.swift */ = {isa = PBXFileReference; fileEncoding = 4; lastKnownFileType = sourcecode.swift; path = LineCollectionViewFlowLayout.swift; sourceTree = "<group>"; };
		9BFBF82F1B7CC3A0007437A5 /* CatModel.swift */ = {isa = PBXFileReference; fileEncoding = 4; lastKnownFileType = sourcecode.swift; path = CatModel.swift; sourceTree = "<group>"; };
/* End PBXFileReference section */

/* Begin PBXFrameworksBuildPhase section */
		9B7402F91B7C91C9008236FF /* Frameworks */ = {
			isa = PBXFrameworksBuildPhase;
			buildActionMask = 2147483647;
			files = (
			);
			runOnlyForDeploymentPostprocessing = 0;
		};
		9B74030E1B7C91C9008236FF /* Frameworks */ = {
			isa = PBXFrameworksBuildPhase;
			buildActionMask = 2147483647;
			files = (
			);
			runOnlyForDeploymentPostprocessing = 0;
		};
/* End PBXFrameworksBuildPhase section */

/* Begin PBXGroup section */
		9B4B2ACB1B7D70540045D6F7 /* Resource */ = {
			isa = PBXGroup;
			children = (
				9B4B2ACC1B7D707C0045D6F7 /* Cat.plist */,
			);
			path = Resource;
			sourceTree = "<group>";
		};
		9B7402F31B7C91C9008236FF = {
			isa = PBXGroup;
			children = (
				9B7402FE1B7C91C9008236FF /* CustomFlowLayoutDemo */,
				9B7403141B7C91C9008236FF /* CustomFlowLayoutDemoTests */,
				9B7402FD1B7C91C9008236FF /* Products */,
			);
			sourceTree = "<group>";
		};
		9B7402FD1B7C91C9008236FF /* Products */ = {
			isa = PBXGroup;
			children = (
				9B7402FC1B7C91C9008236FF /* CustomFlowLayoutDemo.app */,
				9B7403111B7C91C9008236FF /* CustomFlowLayoutDemoTests.xctest */,
			);
			name = Products;
			sourceTree = "<group>";
		};
		9B7402FE1B7C91C9008236FF /* CustomFlowLayoutDemo */ = {
			isa = PBXGroup;
			children = (
				9B4B2ACB1B7D70540045D6F7 /* Resource */,
				9BFBF82E1B7CC386007437A5 /* Model */,
				9B7403211B7C9F6B008236FF /* View */,
				9B7403011B7C91C9008236FF /* AppDelegate.swift */,
				9B7403031B7C91C9008236FF /* ViewController.swift */,
				9B7403051B7C91C9008236FF /* Main.storyboard */,
				9B7403081B7C91C9008236FF /* Images.xcassets */,
				9B74030A1B7C91C9008236FF /* LaunchScreen.xib */,
				9B7402FF1B7C91C9008236FF /* Supporting Files */,
			);
			path = CustomFlowLayoutDemo;
			sourceTree = "<group>";
		};
		9B7402FF1B7C91C9008236FF /* Supporting Files */ = {
			isa = PBXGroup;
			children = (
				9B7403001B7C91C9008236FF /* Info.plist */,
			);
			name = "Supporting Files";
			sourceTree = "<group>";
		};
		9B7403141B7C91C9008236FF /* CustomFlowLayoutDemoTests */ = {
			isa = PBXGroup;
			children = (
				9B7403171B7C91C9008236FF /* CustomFlowLayoutDemoTests.swift */,
				9B7403151B7C91C9008236FF /* Supporting Files */,
			);
			path = CustomFlowLayoutDemoTests;
			sourceTree = "<group>";
		};
		9B7403151B7C91C9008236FF /* Supporting Files */ = {
			isa = PBXGroup;
			children = (
				9B7403161B7C91C9008236FF /* Info.plist */,
			);
			name = "Supporting Files";
			sourceTree = "<group>";
		};
		9B7403211B7C9F6B008236FF /* View */ = {
			isa = PBXGroup;
			children = (
				9B7403221B7C9F93008236FF /* CatCollectionViewCell.swift */,
				9B7403231B7C9F93008236FF /* CatCollectionViewCell.xib */,
				9B7403261B7CA2C9008236FF /* LineCollectionViewFlowLayout.swift */,
			);
			path = View;
			sourceTree = "<group>";
		};
		9BFBF82E1B7CC386007437A5 /* Model */ = {
			isa = PBXGroup;
			children = (
				9BFBF82F1B7CC3A0007437A5 /* CatModel.swift */,
			);
			path = Model;
			sourceTree = "<group>";
		};
/* End PBXGroup section */

/* Begin PBXNativeTarget section */
		9B7402FB1B7C91C9008236FF /* CustomFlowLayoutDemo */ = {
			isa = PBXNativeTarget;
			buildConfigurationList = 9B74031B1B7C91C9008236FF /* Build configuration list for PBXNativeTarget "CustomFlowLayoutDemo" */;
			buildPhases = (
				9B7402F81B7C91C9008236FF /* Sources */,
				9B7402F91B7C91C9008236FF /* Frameworks */,
				9B7402FA1B7C91C9008236FF /* Resources */,
			);
			buildRules = (
			);
			dependencies = (
			);
			name = CustomFlowLayoutDemo;
			productName = CustomFlowLayoutDemo;
			productReference = 9B7402FC1B7C91C9008236FF /* CustomFlowLayoutDemo.app */;
			productType = "com.apple.product-type.application";
		};
		9B7403101B7C91C9008236FF /* CustomFlowLayoutDemoTests */ = {
			isa = PBXNativeTarget;
			buildConfigurationList = 9B74031E1B7C91C9008236FF /* Build configuration list for PBXNativeTarget "CustomFlowLayoutDemoTests" */;
			buildPhases = (
				9B74030D1B7C91C9008236FF /* Sources */,
				9B74030E1B7C91C9008236FF /* Frameworks */,
				9B74030F1B7C91C9008236FF /* Resources */,
			);
			buildRules = (
			);
			dependencies = (
				9B7403131B7C91C9008236FF /* PBXTargetDependency */,
			);
			name = CustomFlowLayoutDemoTests;
			productName = CustomFlowLayoutDemoTests;
			productReference = 9B7403111B7C91C9008236FF /* CustomFlowLayoutDemoTests.xctest */;
			productType = "com.apple.product-type.bundle.unit-test";
		};
/* End PBXNativeTarget section */

/* Begin PBXProject section */
		9B7402F41B7C91C9008236FF /* Project object */ = {
			isa = PBXProject;
			attributes = {
				LastUpgradeCheck = 0640;
				ORGANIZATIONNAME = "极客栈";
				TargetAttributes = {
					9B7402FB1B7C91C9008236FF = {
						CreatedOnToolsVersion = 6.4;
					};
					9B7403101B7C91C9008236FF = {
						CreatedOnToolsVersion = 6.4;
						TestTargetID = 9B7402FB1B7C91C9008236FF;
					};
				};
			};
			buildConfigurationList = 9B7402F71B7C91C9008236FF /* Build configuration list for PBXProject "CustomFlowLayoutDemo" */;
			compatibilityVersion = "Xcode 3.2";
			developmentRegion = English;
			hasScannedForEncodings = 0;
			knownRegions = (
				en,
				Base,
			);
			mainGroup = 9B7402F31B7C91C9008236FF;
			productRefGroup = 9B7402FD1B7C91C9008236FF /* Products */;
			projectDirPath = "";
			projectRoot = "";
			targets = (
				9B7402FB1B7C91C9008236FF /* CustomFlowLayoutDemo */,
				9B7403101B7C91C9008236FF /* CustomFlowLayoutDemoTests */,
			);
		};
/* End PBXProject section */

/* Begin PBXResourcesBuildPhase section */
		9B7402FA1B7C91C9008236FF /* Resources */ = {
			isa = PBXResourcesBuildPhase;
			buildActionMask = 2147483647;
			files = (
				9B7403071B7C91C9008236FF /* Main.storyboard in Resources */,
				9B7403251B7C9F93008236FF /* CatCollectionViewCell.xib in Resources */,
				9B4B2ACD1B7D707C0045D6F7 /* Cat.plist in Resources */,
				9B74030C1B7C91C9008236FF /* LaunchScreen.xib in Resources */,
				9B7403091B7C91C9008236FF /* Images.xcassets in Resources */,
			);
			runOnlyForDeploymentPostprocessing = 0;
		};
		9B74030F1B7C91C9008236FF /* Resources */ = {
			isa = PBXResourcesBuildPhase;
			buildActionMask = 2147483647;
			files = (
			);
			runOnlyForDeploymentPostprocessing = 0;
		};
/* End PBXResourcesBuildPhase section */

/* Begin PBXSourcesBuildPhase section */
		9B7402F81B7C91C9008236FF /* Sources */ = {
			isa = PBXSourcesBuildPhase;
			buildActionMask = 2147483647;
			files = (
				9B7403241B7C9F93008236FF /* CatCollectionViewCell.swift in Sources */,
				9B7403041B7C91C9008236FF /* ViewController.swift in Sources */,
				9B7403271B7CA2C9008236FF /* LineCollectionViewFlowLayout.swift in Sources */,
				9BFBF8301B7CC3A0007437A5 /* CatModel.swift in Sources */,
				9B7403021B7C91C9008236FF /* AppDelegate.swift in Sources */,
			);
			runOnlyForDeploymentPostprocessing = 0;
		};
		9B74030D1B7C91C9008236FF /* Sources */ = {
			isa = PBXSourcesBuildPhase;
			buildActionMask = 2147483647;
			files = (
				9B7403181B7C91C9008236FF /* CustomFlowLayoutDemoTests.swift in Sources */,
			);
			runOnlyForDeploymentPostprocessing = 0;
		};
/* End PBXSourcesBuildPhase section */

/* Begin PBXTargetDependency section */
		9B7403131B7C91C9008236FF /* PBXTargetDependency */ = {
			isa = PBXTargetDependency;
			target = 9B7402FB1B7C91C9008236FF /* CustomFlowLayoutDemo */;
			targetProxy = 9B7403121B7C91C9008236FF /* PBXContainerItemProxy */;
		};
/* End PBXTargetDependency section */

/* Begin PBXVariantGroup section */
		9B7403051B7C91C9008236FF /* Main.storyboard */ = {
			isa = PBXVariantGroup;
			children = (
				9B7403061B7C91C9008236FF /* Base */,
			);
			name = Main.storyboard;
			sourceTree = "<group>";
		};
		9B74030A1B7C91C9008236FF /* LaunchScreen.xib */ = {
			isa = PBXVariantGroup;
			children = (
				9B74030B1B7C91C9008236FF /* Base */,
			);
			name = LaunchScreen.xib;
			sourceTree = "<group>";
		};
/* End PBXVariantGroup section */

/* Begin XCBuildConfiguration section */
		9B7403191B7C91C9008236FF /* Debug */ = {
			isa = XCBuildConfiguration;
			buildSettings = {
				ALWAYS_SEARCH_USER_PATHS = NO;
				CLANG_CXX_LANGUAGE_STANDARD = "gnu++0x";
				CLANG_CXX_LIBRARY = "libc++";
				CLANG_ENABLE_MODULES = YES;
				CLANG_ENABLE_OBJC_ARC = YES;
				CLANG_WARN_BOOL_CONVERSION = YES;
				CLANG_WARN_CONSTANT_CONVERSION = YES;
				CLANG_WARN_DIRECT_OBJC_ISA_USAGE = YES_ERROR;
				CLANG_WARN_EMPTY_BODY = YES;
				CLANG_WARN_ENUM_CONVERSION = YES;
				CLANG_WARN_INT_CONVERSION = YES;
				CLANG_WARN_OBJC_ROOT_CLASS = YES_ERROR;
				CLANG_WARN_UNREACHABLE_CODE = YES;
				CLANG_WARN__DUPLICATE_METHOD_MATCH = YES;
				"CODE_SIGN_IDENTITY[sdk=iphoneos*]" = "iPhone Developer";
				COPY_PHASE_STRIP = NO;
				DEBUG_INFORMATION_FORMAT = "dwarf-with-dsym";
				ENABLE_STRICT_OBJC_MSGSEND = YES;
				GCC_C_LANGUAGE_STANDARD = gnu99;
				GCC_DYNAMIC_NO_PIC = NO;
				GCC_NO_COMMON_BLOCKS = YES;
				GCC_OPTIMIZATION_LEVEL = 0;
				GCC_PREPROCESSOR_DEFINITIONS = (
					"DEBUG=1",
					"$(inherited)",
				);
				GCC_SYMBOLS_PRIVATE_EXTERN = NO;
				GCC_WARN_64_TO_32_BIT_CONVERSION = YES;
				GCC_WARN_ABOUT_RETURN_TYPE = YES_ERROR;
				GCC_WARN_UNDECLARED_SELECTOR = YES;
				GCC_WARN_UNINITIALIZED_AUTOS = YES_AGGRESSIVE;
				GCC_WARN_UNUSED_FUNCTION = YES;
				GCC_WARN_UNUSED_VARIABLE = YES;
				IPHONEOS_DEPLOYMENT_TARGET = 8.4;
				MTL_ENABLE_DEBUG_INFO = YES;
				ONLY_ACTIVE_ARCH = YES;
				SDKROOT = iphoneos;
				SWIFT_OPTIMIZATION_LEVEL = "-Onone";
			};
			name = Debug;
		};
		9B74031A1B7C91C9008236FF /* Release */ = {
			isa = XCBuildConfiguration;
			buildSettings = {
				ALWAYS_SEARCH_USER_PATHS = NO;
				CLANG_CXX_LANGUAGE_STANDARD = "gnu++0x";
				CLANG_CXX_LIBRARY = "libc++";
				CLANG_ENABLE_MODULES = YES;
				CLANG_ENABLE_OBJC_ARC = YES;
				CLANG_WARN_BOOL_CONVERSION = YES;
				CLANG_WARN_CONSTANT_CONVERSION = YES;
				CLANG_WARN_DIRECT_OBJC_ISA_USAGE = YES_ERROR;
				CLANG_WARN_EMPTY_BODY = YES;
				CLANG_WARN_ENUM_CONVERSION = YES;
				CLANG_WARN_INT_CONVERSION = YES;
				CLANG_WARN_OBJC_ROOT_CLASS = YES_ERROR;
				CLANG_WARN_UNREACHABLE_CODE = YES;
				CLANG_WARN__DUPLICATE_METHOD_MATCH = YES;
				"CODE_SIGN_IDENTITY[sdk=iphoneos*]" = "iPhone Developer";
				COPY_PHASE_STRIP = NO;
				DEBUG_INFORMATION_FORMAT = "dwarf-with-dsym";
				ENABLE_NS_ASSERTIONS = NO;
				ENABLE_STRICT_OBJC_MSGSEND = YES;
				GCC_C_LANGUAGE_STANDARD = gnu99;
				GCC_NO_COMMON_BLOCKS = YES;
				GCC_WARN_64_TO_32_BIT_CONVERSION = YES;
				GCC_WARN_ABOUT_RETURN_TYPE = YES_ERROR;
				GCC_WARN_UNDECLARED_SELECTOR = YES;
				GCC_WARN_UNINITIALIZED_AUTOS = YES_AGGRESSIVE;
				GCC_WARN_UNUSED_FUNCTION = YES;
				GCC_WARN_UNUSED_VARIABLE = YES;
				IPHONEOS_DEPLOYMENT_TARGET = 8.4;
				MTL_ENABLE_DEBUG_INFO = NO;
				SDKROOT = iphoneos;
				VALIDATE_PRODUCT = YES;
			};
			name = Release;
		};
		9B74031C1B7C91C9008236FF /* Debug */ = {
			isa = XCBuildConfiguration;
			buildSettings = {
				ASSETCATALOG_COMPILER_APPICON_NAME = AppIcon;
				INFOPLIST_FILE = CustomFlowLayoutDemo/Info.plist;
				IPHONEOS_DEPLOYMENT_TARGET = 7.0;
				LD_RUNPATH_SEARCH_PATHS = "$(inherited) @executable_path/Frameworks";
				PRODUCT_NAME = "$(TARGET_NAME)";
			};
			name = Debug;
		};
		9B74031D1B7C91C9008236FF /* Release */ = {
			isa = XCBuildConfiguration;
			buildSettings = {
				ASSETCATALOG_COMPILER_APPICON_NAME = AppIcon;
				INFOPLIST_FILE = CustomFlowLayoutDemo/Info.plist;
				IPHONEOS_DEPLOYMENT_TARGET = 7.0;
				LD_RUNPATH_SEARCH_PATHS = "$(inherited) @executable_path/Frameworks";
				PRODUCT_NAME = "$(TARGET_NAME)";
			};
			name = Release;
		};
		9B74031F1B7C91C9008236FF /* Debug */ = {
			isa = XCBuildConfiguration;
			buildSettings = {
				BUNDLE_LOADER = "$(TEST_HOST)";
				FRAMEWORK_SEARCH_PATHS = (
					"$(SDKROOT)/Developer/Library/Frameworks",
					"$(inherited)",
				);
				GCC_PREPROCESSOR_DEFINITIONS = (
					"DEBUG=1",
					"$(inherited)",
				);
				INFOPLIST_FILE = CustomFlowLayoutDemoTests/Info.plist;
				LD_RUNPATH_SEARCH_PATHS = "$(inherited) @executable_path/Frameworks @loader_path/Frameworks";
				PRODUCT_NAME = "$(TARGET_NAME)";
				TEST_HOST = "$(BUILT_PRODUCTS_DIR)/CustomFlowLayoutDemo.app/CustomFlowLayoutDemo";
			};
			name = Debug;
		};
		9B7403201B7C91C9008236FF /* Release */ = {
			isa = XCBuildConfiguration;
			buildSettings = {
				BUNDLE_LOADER = "$(TEST_HOST)";
				FRAMEWORK_SEARCH_PATHS = (
					"$(SDKROOT)/Developer/Library/Frameworks",
					"$(inherited)",
				);
				INFOPLIST_FILE = CustomFlowLayoutDemoTests/Info.plist;
				LD_RUNPATH_SEARCH_PATHS = "$(inherited) @executable_path/Frameworks @loader_path/Frameworks";
				PRODUCT_NAME = "$(TARGET_NAME)";
				TEST_HOST = "$(BUILT_PRODUCTS_DIR)/CustomFlowLayoutDemo.app/CustomFlowLayoutDemo";
			};
			name = Release;
		};
/* End XCBuildConfiguration section */

/* Begin XCConfigurationList section */
		9B7402F71B7C91C9008236FF /* Build configuration list for PBXProject "CustomFlowLayoutDemo" */ = {
			isa = XCConfigurationList;
			buildConfigurations = (
				9B7403191B7C91C9008236FF /* Debug */,
				9B74031A1B7C91C9008236FF /* Release */,
			);
			defaultConfigurationIsVisible = 0;
			defaultConfigurationName = Release;
		};
		9B74031B1B7C91C9008236FF /* Build configuration list for PBXNativeTarget "CustomFlowLayoutDemo" */ = {
			isa = XCConfigurationList;
			buildConfigurations = (
				9B74031C1B7C91C9008236FF /* Debug */,
				9B74031D1B7C91C9008236FF /* Release */,
			);
			defaultConfigurationIsVisible = 0;
			defaultConfigurationName = Release;
		};
		9B74031E1B7C91C9008236FF /* Build configuration list for PBXNativeTarget "CustomFlowLayoutDemoTests" */ = {
			isa = XCConfigurationList;
			buildConfigurations = (
				9B74031F1B7C91C9008236FF /* Debug */,
				9B7403201B7C91C9008236FF /* Release */,
			);
			defaultConfigurationIsVisible = 0;
			defaultConfigurationName = Release;
		};
/* End XCConfigurationList section */
	};
	rootObject = 9B7402F41B7C91C9008236FF /* Project object */;
}
